
Microsoft Visual Studio Solution File, Format Version 12.00
# Visual Studio Version 17
VisualStudioVersion = 17.8.34309.116
MinimumVisualStudioVersion = 10.0.40219.1
Project("{FAE04EC0-301F-11D3-BF4B-00C04F79EFBC}") = "OlkaFood", "OlkaFood.csproj", "{06DC76A2-BDD1-4710-A1DB-0ED48DAC17D9}"
EndProject
Global
	GlobalSection(SolutionConfigurationPlatforms) = preSolution
		Debug|Any CPU = Debug|Any CPU
		Release|Any CPU = Release|Any CPU
	EndGlobalSection
	GlobalSection(ProjectConfigurationPlatforms) = postSolution
		{06DC76A2-BDD1-4710-A1DB-0ED48DAC17D9}.Debug|Any CPU.ActiveCfg = Debug|Any CPU
		{06DC76A2-BDD1-4710-A1DB-0ED48DAC17D9}.Debug|Any CPU.Build.0 = Debug|Any CPU
		{06DC76A2-BDD1-4710-A1DB-0ED48DAC17D9}.Release|Any CPU.ActiveCfg = Release|Any CPU
		{06DC76A2-BDD1-4710-A1DB-0ED48DAC17D9}.Release|Any CPU.Build.0 = Release|Any CPU
	EndGlobalSection
	GlobalSection(SolutionProperties) = preSolution
		HideSolutionNode = FALSE
	EndGlobalSection
	GlobalSection(ExtensibilityGlobals) = postSolution
		SolutionGuid = {73F26FB3-3BEF-4B11-9A8A-001C45FC0FF9}
	EndGlobalSection
EndGlobal
